
Microsoft Visual Studio Solution File, Format Version 12.00
# Visual Studio 2013
Project("{8BC9CEB8-8B4A-11D0-8D11-00A0C91BC942}") = "SDK_CO2_TEMP", "SDK_CO2_TEMP.vcxproj", "{9F616C1F-8BC4-FBC3-344A-347A208CC746}"
EndProject
Global
	GlobalSection(SolutionConfigurationPlatforms) = preSolution
		SDK_CO2_TEMP|Win32 = SDK_CO2_TEMP|Win32
	EndGlobalSection
	GlobalSection(ProjectConfigurationPlatforms) = postSolution
		{9F616C1F-8BC4-FBC3-344A-347A208CC746}.SDK_CO2_TEMP|Win32.ActiveCfg = SDK_CO2_TEMP|Win32
		{9F616C1F-8BC4-FBC3-344A-347A208CC746}.SDK_CO2_TEMP|Win32.Build.0 = SDK_CO2_TEMP|Win32
	EndGlobalSection
	GlobalSection(SolutionProperties) = preSolution
		HideSolutionNode = FALSE
	EndGlobalSection
EndGlobal
